{
    "_meta": {
        "hash": {
            "sha256": "6c1e97f56625b19410758047762704fcfb952766eaa1882ab0e5cb2b149e52dd"
        },
        "pipfile-spec": 6,
        "requires": {},
        "sources": [
            {
                "name": "pypi",
                "url": "https://pypi.org/simple",
                "verify_ssl": true
            }
        ]
    },
    "default": {
        "certifi": {
            "hashes": [
                "sha256:0569859f95fc761b18b45ef421b1290a0f65f147e92a1e5eb3e635f9a5e4e66f",
                "sha256:dc383c07b76109f368f6106eee2b593b04a011ea4d55f652c6ca24a754d1cdd1"
            ],
            "markers": "python_version >= '3.6'",
            "version": "==2024.2.2"
        },
        "charset-normalizer": {
            "hashes": [
                "sha256:2857e29ff0d34db842cd7ca3230549d1a697f96ee6d3fb071cfa6c7393832597",
                "sha256:6881edbebdb17b39b4eaaa821b438bf6eddffb4468cf344f09f89def34a8b1df"
            ],
            "markers": "python_version >= '3'",
            "version": "==2.0.12"
        },
        "datetime": {
            "hashes": [
                "sha256:371dba07417b929a4fa685c2f7a3eaa6a62d60c02947831f97d4df9a9e70dfd0",
                "sha256:5cef605bab8259ff61281762cdf3290e459fbf0b4719951d5fab967d5f2ea0ea"
            ],
            "index": "pypi",
            "version": "==4.3"
        },
        "idna": {
            "hashes": [
                "sha256:028ff3aadf0609c1fd278d8ea3089299412a7a8b9bd005dd08b9f8285bcb5cfc",
                "sha256:82fee1fc78add43492d3a1898bfa6d8a904cc97d8427f683ed8e798d07761aa0"
            ],
            "markers": "python_version >= '3'",
            "version": "==3.7"
        },
        "pathlib2": {
            "hashes": [
                "sha256:5266a0fd000452f1b3467d782f079a4343c63aaa119221fbdc4e39577489ca5b",
                "sha256:9fe0edad898b83c0c3e199c842b27ed216645d2e177757b2dd67384d4113c641"
            ],
            "markers": "python_version < '3.10'",
            "version": "==2.3.7.post1"
        },
        "pytz": {
            "hashes": [
                "sha256:2a29735ea9c18baf14b448846bde5a48030ed267578472d8955cd0e7443a9812",
                "sha256:328171f4e3623139da4983451950b28e95ac706e13f3f2630a879749e7a8b319"
            ],
            "version": "==2024.1"
        },
        "requests": {
            "hashes": [
                "sha256:68d7c56fd5a8999887728ef304a6d12edc7be74f1cfa47714fc8b414525c9a61",
                "sha256:f22fa1e554c9ddfd16e6e41ac79759e17be9e492b3587efa038054674760e72d"
            ],
            "index": "pypi",
            "markers": "python_version >= '2.7' and python_version not in '3.0, 3.1, 3.2, 3.3, 3.4, 3.5'",
            "version": "==2.27.1"
        },
        "semver": {
            "hashes": [
                "sha256:ced8b23dceb22134307c1b8abfa523da14198793d9787ac838e70e29e77458d4",
                "sha256:fa0fe2722ee1c3f57eac478820c3a5ae2f624af8264cbdf9000c980ff7f75e3f"
            ],
            "index": "pypi",
            "markers": "python_version >= '2.7' and python_version not in '3.0, 3.1, 3.2, 3.3'",
            "version": "==2.13.0"
        },
        "setuptools": {
            "hashes": [
                "sha256:54faa7f2e8d2d11bcd2c07bed282eef1046b5c080d1c32add737d7b5817b1ad4",
                "sha256:f211a66637b8fa059bb28183da127d4e86396c991a942b028c6650d4319c3fd0"
            ],
            "markers": "python_version >= '3.8'",
            "version": "==70.0.0"
        },
        "typing": {
            "hashes": [
                "sha256:38566c558a0a94d6531012c8e917b1b8518a41e418f7f15f00e129cc80162ad3",
                "sha256:53765ec4f83a2b720214727e319607879fec4acde22c4fbb54fa2604e79e44ce",
                "sha256:84698954b4e6719e912ef9a42a2431407fe3755590831699debda6fba92aac55"
            ],
            "index": "pypi",
            "markers": "python_version < '3.5'",
            "version": "==3.7.4"
        },
        "urllib3": {
            "hashes": [
                "sha256:34b97092d7e0a3a8cf7cd10e386f401b3737364026c45e622aa02903dffe0f07",
                "sha256:f8ecc1bba5667413457c529ab955bf8c67b45db799d159066261719e328580a0"
            ],
            "markers": "python_version >= '2.7' and python_version not in '3.0, 3.1, 3.2, 3.3, 3.4, 3.5'",
            "version": "==1.26.18"
        },
        "uuid": {
            "hashes": [
                "sha256:1f87cc004ac5120466f36c5beae48b4c48cc411968eed0eaecd3da82aa96193f"
            ],
            "index": "pypi",
            "version": "==1.30"
        },
        "zope.interface": {
            "hashes": [
                "sha256:00b5c3e9744dcdc9e84c24ed6646d5cf0cf66551347b310b3ffd70f056535854",
                "sha256:0e4fa5d34d7973e6b0efa46fe4405090f3b406f64b6290facbb19dcbf642ad6b",
                "sha256:136cacdde1a2c5e5bc3d0b2a1beed733f97e2dad8c2ad3c2e17116f6590a3827",
                "sha256:1730c93a38b5a18d24549bc81613223962a19d457cfda9bdc66e542f475a36f4",
                "sha256:1a62fd6cd518693568e23e02f41816adedfca637f26716837681c90b36af3671",
                "sha256:1c207e6f6dfd5749a26f5a5fd966602d6b824ec00d2df84a7e9a924e8933654e",
                "sha256:2eccd5bef45883802848f821d940367c1d0ad588de71e5cabe3813175444202c",
                "sha256:33ee982237cffaf946db365c3a6ebaa37855d8e3ca5800f6f48890209c1cfefc",
                "sha256:3d136e5b8821073e1a09dde3eb076ea9988e7010c54ffe4d39701adf0c303438",
                "sha256:47654177e675bafdf4e4738ce58cdc5c6d6ee2157ac0a78a3fa460942b9d64a8",
                "sha256:47937cf2e7ed4e0e37f7851c76edeb8543ec9b0eae149b36ecd26176ff1ca874",
                "sha256:4ac46298e0143d91e4644a27a769d1388d5d89e82ee0cf37bf2b0b001b9712a4",
                "sha256:4c0b208a5d6c81434bdfa0f06d9b667e5de15af84d8cae5723c3a33ba6611b82",
                "sha256:551db2fe892fcbefb38f6f81ffa62de11090c8119fd4e66a60f3adff70751ec7",
                "sha256:599f3b07bde2627e163ce484d5497a54a0a8437779362395c6b25e68c6590ede",
                "sha256:5ef8356f16b1a83609f7a992a6e33d792bb5eff2370712c9eaae0d02e1924341",
                "sha256:5fe919027f29b12f7a2562ba0daf3e045cb388f844e022552a5674fcdf5d21f1",
                "sha256:6f0a6be264afb094975b5ef55c911379d6989caa87c4e558814ec4f5125cfa2e",
                "sha256:706efc19f9679a1b425d6fa2b4bc770d976d0984335eaea0869bd32f627591d2",
                "sha256:73f9752cf3596771c7726f7eea5b9e634ad47c6d863043589a1c3bb31325c7eb",
                "sha256:762e616199f6319bb98e7f4f27d254c84c5fb1c25c908c2a9d0f92b92fb27530",
                "sha256:866a0f583be79f0def667a5d2c60b7b4cc68f0c0a470f227e1122691b443c934",
                "sha256:86a94af4a88110ed4bb8961f5ac72edf782958e665d5bfceaab6bf388420a78b",
                "sha256:8e0343a6e06d94f6b6ac52fbc75269b41dd3c57066541a6c76517f69fe67cb43",
                "sha256:97e615eab34bd8477c3f34197a17ce08c648d38467489359cb9eb7394f1083f7",
                "sha256:a96e6d4074db29b152222c34d7eec2e2db2f92638d2b2b2c704f9e8db3ae0edc",
                "sha256:b912750b13d76af8aac45ddf4679535def304b2a48a07989ec736508d0bbfbde",
                "sha256:bc2676312cc3468a25aac001ec727168994ea3b69b48914944a44c6a0b251e79",
                "sha256:cebff2fe5dc82cb22122e4e1225e00a4a506b1a16fafa911142ee124febf2c9e",
                "sha256:d22fce0b0f5715cdac082e35a9e735a1752dc8585f005d045abb1a7c20e197f9",
                "sha256:d3f7e001328bd6466b3414215f66dde3c7c13d8025a9c160a75d7b2687090d15",
                "sha256:d3fe667935e9562407c2511570dca14604a654988a13d8725667e95161d92e9b",
                "sha256:dabb70a6e3d9c22df50e08dc55b14ca2a99da95a2d941954255ac76fd6982bc5",
                "sha256:e2fb8e8158306567a3a9a41670c1ff99d0567d7fc96fa93b7abf8b519a46b250",
                "sha256:e96ac6b3169940a8cd57b4f2b8edcad8f5213b60efcd197d59fbe52f0accd66e",
                "sha256:fbf649bc77510ef2521cf797700b96167bb77838c40780da7ea3edd8b78044d1"
            ],
            "markers": "python_version >= '3.7'",
            "version": "==6.4.post2"
        }
    },
    "develop": {}
}
